<?xml version="1.0" encoding="UTF-8" standalone="yes" ?>
<CodeBlocks_project_file>
	<FileVersion major="1" minor="6" />
	<Project>
		<Option title="ccShell" />
		<Option pch_mode="2" />
		<Option compiler="gcc" />
		<Build>
			<Target title="Debug">
				<Option output="bin/Debug/ccShell" prefix_auto="1" extension_auto="1" />
				<Option object_output="obj/Debug/" />
				<Option type="1" />
				<Option compiler="gcc" />
				<Compiler>
					<Add option="-g" />
				</Compiler>
			</Target>
		</Build>
		<Compiler>
			<Add option="-Wall" />
			<Add option="-fexceptions" />
		</Compiler>
		<Unit filename="CommandParse.cpp" />
		<Unit filename="CommandParseDef.h" />
		<Unit filename="ExecuteCommand.cpp" />
		<Unit filename="ExecuteCommandDef.h" />
		<Unit filename="GlobalVar.cpp" />
		<Unit filename="GlobalVarDef.h" />
		<Unit filename="ShellInit.cpp" />
		<Unit filename="ShellInitDef.h" />
		<Unit filename="command_lex.l" />
		<Unit filename="lex.command.c">
			<Option compilerVar="CC" />
		</Unit>
		<Unit filename="main.cpp" />
		<Extensions>
			<code_completion />
			<debugger />
		</Extensions>
	</Project>
</CodeBlocks_project_file>
