<?xml version="1.0" encoding="UTF-8" standalone="yes" ?>
<CodeBlocks_project_file>
	<FileVersion major="1" minor="6" />
	<Project>
		<Option title="yacc" />
		<Option pch_mode="2" />
		<Option compiler="gcc" />
		<Build>
			<Target title="Debug">
				<Option output="bin/Debug/yacc" prefix_auto="1" extension_auto="1" />
				<Option object_output="obj/Debug/" />
				<Option type="1" />
				<Option compiler="gcc" />
				<Compiler>
					<Add option="-g" />
				</Compiler>
			</Target>
		</Build>
		<Compiler>
			<Add option="-Wall" />
			<Add option="-fexceptions" />
		</Compiler>
		<Unit filename="BuiltinVar.cpp">
			<Option compilerVar="CC" />
		</Unit>
		<Unit filename="DataStruct.h" />
		<Unit filename="Math.cpp">
			<Option compilerVar="CC" />
		</Unit>
		<Unit filename="Symbol.cpp">
			<Option compilerVar="CC" />
		</Unit>
		<Unit filename="code_yacc.h" />
		<Unit filename="code_yacc.y" />
		<Unit filename="main.cpp" />
		<Extensions>
			<code_completion />
			<debugger />
		</Extensions>
	</Project>
</CodeBlocks_project_file>
